<?xml version="1.0" encoding="utf-8"?>
<Project ToolsVersion="4.0" xmlns="http://schemas.microsoft.com/developer/msbuild/2003">
  <ItemGroup>
    <Filter Include="data">
      <UniqueIdentifier>{5F91957C-4BC8-960D-F4B4-7C10E0CA120F}</UniqueIdentifier>
    </Filter>
    <Filter Include="ecs">
      <UniqueIdentifier>{C06D880B-2C77-887C-B5F2-9E7C21FB937C}</UniqueIdentifier>
    </Filter>
    <Filter Include="io">
      <UniqueIdentifier>{3D785900-2904-880B-92B2-880B7E5D880B}</UniqueIdentifier>
    </Filter>
    <Filter Include="math">
      <UniqueIdentifier>{CF809A7C-BBB7-9B0D-64A4-811050BA170F}</UniqueIdentifier>
    </Filter>
    <Filter Include="memory">
      <UniqueIdentifier>{DEA8820D-CA4A-ADE3-B305-C1379F463434}</UniqueIdentifier>
    </Filter>
    <Filter Include="physx">
      <UniqueIdentifier>{01D22410-6DE6-4CC1-3668-F020A23B49F2}</UniqueIdentifier>
    </Filter>
    <Filter Include="utility">
      <UniqueIdentifier>{79DE5C48-E5BD-DBE3-EED5-66BA5A344245}</UniqueIdentifier>
    </Filter>
  </ItemGroup>
  <ItemGroup>
    <ClInclude Include="src_cpp\data\data_res.h">
      <Filter>data</Filter>
    </ClInclude>
    <ClInclude Include="src_cpp\data\data_sys.h">
      <Filter>data</Filter>
    </ClInclude>
    <ClInclude Include="src_cpp\ecs\ecs_cmp_sys.h">
      <Filter>ecs</Filter>
    </ClInclude>
    <ClInclude Include="src_cpp\ecs\ecs_component.h">
      <Filter>ecs</Filter>
    </ClInclude>
    <ClInclude Include="src_cpp\ecs\ecs_ent_sys.h">
      <Filter>ecs</Filter>
    </ClInclude>
    <ClInclude Include="src_cpp\ecs\ecs_entity.h">
      <Filter>ecs</Filter>
    </ClInclude>
    <ClInclude Include="src_cpp\io\io_event.h">
      <Filter>io</Filter>
    </ClInclude>
    <ClInclude Include="src_cpp\io\io_log.h">
      <Filter>io</Filter>
    </ClInclude>
    <ClInclude Include="src_cpp\io\io_stream.h">
      <Filter>io</Filter>
    </ClInclude>
    <ClInclude Include="src_cpp\io\io_sys.h">
      <Filter>io</Filter>
    </ClInclude>
    <ClInclude Include="src_cpp\math\math_matrix.h">
      <Filter>math</Filter>
    </ClInclude>
    <ClInclude Include="src_cpp\math\math_transform.h">
      <Filter>math</Filter>
    </ClInclude>
    <ClInclude Include="src_cpp\math\math_vector.h">
      <Filter>math</Filter>
    </ClInclude>
    <ClInclude Include="src_cpp\memory\mem_allocator.h">
      <Filter>memory</Filter>
    </ClInclude>
    <ClInclude Include="src_cpp\memory\mem_ref.h">
      <Filter>memory</Filter>
    </ClInclude>
    <ClInclude Include="src_cpp\memory\mem_sys.h">
      <Filter>memory</Filter>
    </ClInclude>
    <ClInclude Include="src_cpp\native_library.hpp" />
    <ClInclude Include="src_cpp\nwl_core.hpp" />
    <ClInclude Include="src_cpp\nwl_data.hpp" />
    <ClInclude Include="src_cpp\nwl_ecs.hpp" />
    <ClInclude Include="src_cpp\nwl_io.hpp" />
    <ClInclude Include="src_cpp\nwl_math.hpp" />
    <ClInclude Include="src_cpp\nwl_memory.hpp" />
    <ClInclude Include="src_cpp\nwl_pch.hpp" />
    <ClInclude Include="src_cpp\nwl_physx.hpp" />
    <ClInclude Include="src_cpp\nwl_test.h" />
    <ClInclude Include="src_cpp\nwl_utility.hpp" />
    <ClInclude Include="src_cpp\physx\physx_collision.h">
      <Filter>physx</Filter>
    </ClInclude>
    <ClInclude Include="src_cpp\utility\nwl_code_res.h">
      <Filter>utility</Filter>
    </ClInclude>
    <ClInclude Include="src_cpp\utility\nwl_container.h">
      <Filter>utility</Filter>
    </ClInclude>
    <ClInclude Include="src_cpp\utility\nwl_engine.h">
      <Filter>utility</Filter>
    </ClInclude>
    <ClInclude Include="src_cpp\utility\nwl_id_stack.h">
      <Filter>utility</Filter>
    </ClInclude>
    <ClInclude Include="src_cpp\utility\nwl_random.h">
      <Filter>utility</Filter>
    </ClInclude>
    <ClInclude Include="src_cpp\utility\nwl_singleton.h">
      <Filter>utility</Filter>
    </ClInclude>
    <ClInclude Include="src_cpp\utility\nwl_string.h">
      <Filter>utility</Filter>
    </ClInclude>
    <ClInclude Include="src_cpp\utility\nwl_thread.h">
      <Filter>utility</Filter>
    </ClInclude>
    <ClInclude Include="src_cpp\utility\nwl_time.h">
      <Filter>utility</Filter>
    </ClInclude>
    <ClInclude Include="src_cpp\utility\nwl_type.h">
      <Filter>utility</Filter>
    </ClInclude>
  </ItemGroup>
  <ItemGroup>
    <ClCompile Include="src_cpp\data\data_res.cpp">
      <Filter>data</Filter>
    </ClCompile>
    <ClCompile Include="src_cpp\data\data_sys.cpp">
      <Filter>data</Filter>
    </ClCompile>
    <ClCompile Include="src_cpp\ecs\ecs_cmp_sys.cpp">
      <Filter>ecs</Filter>
    </ClCompile>
    <ClCompile Include="src_cpp\ecs\ecs_component.cpp">
      <Filter>ecs</Filter>
    </ClCompile>
    <ClCompile Include="src_cpp\ecs\ecs_ent_sys.cpp">
      <Filter>ecs</Filter>
    </ClCompile>
    <ClCompile Include="src_cpp\ecs\ecs_entity.cpp">
      <Filter>ecs</Filter>
    </ClCompile>
    <ClCompile Include="src_cpp\io\io_log.cpp">
      <Filter>io</Filter>
    </ClCompile>
    <ClCompile Include="src_cpp\io\io_sys.cpp">
      <Filter>io</Filter>
    </ClCompile>
    <ClCompile Include="src_cpp\nwl_pch.cpp" />
    <ClCompile Include="src_cpp\utility\nwl_code_res.cpp">
      <Filter>utility</Filter>
    </ClCompile>
    <ClCompile Include="src_cpp\utility\nwl_random.cpp">
      <Filter>utility</Filter>
    </ClCompile>
    <ClCompile Include="src_cpp\utility\nwl_type.cpp">
      <Filter>utility</Filter>
    </ClCompile>
  </ItemGroup>
</Project>